{
  "name": "temp",
  "version": "1.0.0",
  "lockfileVersion": 3,
  "requires": true,
  "packages": {
    "": {
      "name": "temp",
      "version": "1.0.0",
      "license": "ISC",
      "dependencies": {
        "package-temp": "^1.0.0"
      }
    },
    "node_modules/package-temp": {
      "version": "1.0.0",
      "resolved": "https://registry.npmjs.org/package-temp/-/package-temp-1.0.0.tgz",
      "integrity": "sha512-+uF32t41/QAaHhNxXODrLjrn0udYL1XItgE9cNrTgYKz/sV0mFdbpwYojFdmysKj/pw7U5hBCKkj8CT3cxH9qw==",
      "license": "ISC"
    }
  }
}
